
Microsoft Visual Studio Solution File, Format Version 12.00
# Visual Studio 14
VisualStudioVersion = 14.0.25420.1
MinimumVisualStudioVersion = 10.0.40219.1
Project("{F088123C-0E9E-452A-89E6-6BA2F21D5CAC}") = "ModelingProject1", "ModelingProject1\ModelingProject1.modelproj", "{03C88677-439F-415A-9BFE-1077C0F2D2C0}"
EndProject
Project("{2150E333-8FDC-42A3-9474-1A3956D46DE8}") = "Presentación", "Presentación", "{36AE9B1B-2D0A-494D-B697-371A4945D9EC}"
EndProject
Project("{2150E333-8FDC-42A3-9474-1A3956D46DE8}") = "Libreria", "Libreria", "{757606E1-D929-4C43-8C59-95CD08829C51}"
EndProject
Project("{FAE04EC0-301F-11D3-BF4B-00C04F79EFBC}") = "ClassLibrary1", "ClassLibrary1\ClassLibrary1.csproj", "{999012B6-9C4D-43B9-B048-81C8552D79FE}"
EndProject
Project("{2150E333-8FDC-42A3-9474-1A3956D46DE8}") = "Testing", "Testing", "{42D73791-48CE-4CE3-A371-510E04A3624A}"
EndProject
Project("{2150E333-8FDC-42A3-9474-1A3956D46DE8}") = "Lab2", "Lab2", "{224C75AA-4678-4718-8D39-DFFE50ED841E}"
EndProject
Project("{F088123C-0E9E-452A-89E6-6BA2F21D5CAC}") = "Lab2-diagrama clases", "ModelingProject2\Lab2-diagrama clases.modelproj", "{E133DBDE-230F-4E2D-A776-DD4C48366DA1}"
EndProject
Project("{F088123C-0E9E-452A-89E6-6BA2F21D5CAC}") = "Lab2-DiagramaCasoUso", "Lab2-DiagramaCasoUso\Lab2-DiagramaCasoUso.modelproj", "{77E21658-A2AE-4F94-9065-DD1932C4A3E8}"
EndProject
Project("{2150E333-8FDC-42A3-9474-1A3956D46DE8}") = "Lab1", "Lab1", "{7FE12D97-2961-47D0-BD9D-7D08D92F24EC}"
EndProject
Project("{FAE04EC0-301F-11D3-BF4B-00C04F79EFBC}") = "BikeClubLib", "BikeClubLib\BikeClubLib.csproj", "{99F92F78-D9C7-4019-9767-2D87B318CE57}"
EndProject
Project("{F088123C-0E9E-452A-89E6-6BA2F21D5CAC}") = "BikeClubModel", "BikeClubModel\BikeClubModel.modelproj", "{878CD0C6-1539-441E-81B6-9CDD24E5ED71}"
EndProject
Project("{FAE04EC0-301F-11D3-BF4B-00C04F79EFBC}") = "BikeClubModelLib", "BikeClubModelLib\BikeClubModelLib.csproj", "{773EF9D7-854D-40D8-B139-3500E8C353CF}"
EndProject
Project("{2150E333-8FDC-42A3-9474-1A3956D46DE8}") = "Lab4", "Lab4", "{A64D2C62-849B-4C6F-98E4-5DA4E614A2DE}"
EndProject
Project("{FAE04EC0-301F-11D3-BF4B-00C04F79EFBC}") = "DBTest", "DBTest\DBTest.csproj", "{96A2F140-38B9-4DE0-A3F3-F6E7864CC560}"
EndProject
Project("{2150E333-8FDC-42A3-9474-1A3956D46DE8}") = "BusinessLogicTest", "BusinessLogicTest", "{1C300FF2-301D-4815-B091-B190B2C0C67C}"
EndProject
Project("{FAE04EC0-301F-11D3-BF4B-00C04F79EFBC}") = "BusinessLogicTest", "BusinessLogicTest\BusinessLogicTest.csproj", "{E4FD98D2-C6E5-4AF0-81B5-D0EC967E33E3}"
EndProject
Project("{FAE04EC0-301F-11D3-BF4B-00C04F79EFBC}") = "BikeClub.GUI", "BikeClub.GUI\BikeClub.GUI.csproj", "{8D4642E9-5484-4C3C-820B-5DAC05E38952}"
EndProject
Global
	GlobalSection(SolutionConfigurationPlatforms) = preSolution
		Debug|Any CPU = Debug|Any CPU
		Release|Any CPU = Release|Any CPU
	EndGlobalSection
	GlobalSection(ProjectConfigurationPlatforms) = postSolution
		{03C88677-439F-415A-9BFE-1077C0F2D2C0}.Debug|Any CPU.ActiveCfg = Debug|Any CPU
		{03C88677-439F-415A-9BFE-1077C0F2D2C0}.Debug|Any CPU.Build.0 = Debug|Any CPU
		{03C88677-439F-415A-9BFE-1077C0F2D2C0}.Release|Any CPU.ActiveCfg = Release|Any CPU
		{03C88677-439F-415A-9BFE-1077C0F2D2C0}.Release|Any CPU.Build.0 = Release|Any CPU
		{999012B6-9C4D-43B9-B048-81C8552D79FE}.Debug|Any CPU.ActiveCfg = Debug|Any CPU
		{999012B6-9C4D-43B9-B048-81C8552D79FE}.Debug|Any CPU.Build.0 = Debug|Any CPU
		{999012B6-9C4D-43B9-B048-81C8552D79FE}.Release|Any CPU.ActiveCfg = Release|Any CPU
		{999012B6-9C4D-43B9-B048-81C8552D79FE}.Release|Any CPU.Build.0 = Release|Any CPU
		{E133DBDE-230F-4E2D-A776-DD4C48366DA1}.Debug|Any CPU.ActiveCfg = Debug|Any CPU
		{E133DBDE-230F-4E2D-A776-DD4C48366DA1}.Debug|Any CPU.Build.0 = Debug|Any CPU
		{E133DBDE-230F-4E2D-A776-DD4C48366DA1}.Release|Any CPU.ActiveCfg = Release|Any CPU
		{E133DBDE-230F-4E2D-A776-DD4C48366DA1}.Release|Any CPU.Build.0 = Release|Any CPU
		{77E21658-A2AE-4F94-9065-DD1932C4A3E8}.Debug|Any CPU.ActiveCfg = Debug|Any CPU
		{77E21658-A2AE-4F94-9065-DD1932C4A3E8}.Debug|Any CPU.Build.0 = Debug|Any CPU
		{77E21658-A2AE-4F94-9065-DD1932C4A3E8}.Release|Any CPU.ActiveCfg = Release|Any CPU
		{77E21658-A2AE-4F94-9065-DD1932C4A3E8}.Release|Any CPU.Build.0 = Release|Any CPU
		{99F92F78-D9C7-4019-9767-2D87B318CE57}.Debug|Any CPU.ActiveCfg = Debug|Any CPU
		{99F92F78-D9C7-4019-9767-2D87B318CE57}.Debug|Any CPU.Build.0 = Debug|Any CPU
		{99F92F78-D9C7-4019-9767-2D87B318CE57}.Release|Any CPU.ActiveCfg = Release|Any CPU
		{99F92F78-D9C7-4019-9767-2D87B318CE57}.Release|Any CPU.Build.0 = Release|Any CPU
		{878CD0C6-1539-441E-81B6-9CDD24E5ED71}.Debug|Any CPU.ActiveCfg = Debug|Any CPU
		{878CD0C6-1539-441E-81B6-9CDD24E5ED71}.Debug|Any CPU.Build.0 = Debug|Any CPU
		{878CD0C6-1539-441E-81B6-9CDD24E5ED71}.Release|Any CPU.ActiveCfg = Release|Any CPU
		{878CD0C6-1539-441E-81B6-9CDD24E5ED71}.Release|Any CPU.Build.0 = Release|Any CPU
		{773EF9D7-854D-40D8-B139-3500E8C353CF}.Debug|Any CPU.ActiveCfg = Debug|Any CPU
		{773EF9D7-854D-40D8-B139-3500E8C353CF}.Debug|Any CPU.Build.0 = Debug|Any CPU
		{773EF9D7-854D-40D8-B139-3500E8C353CF}.Release|Any CPU.ActiveCfg = Release|Any CPU
		{773EF9D7-854D-40D8-B139-3500E8C353CF}.Release|Any CPU.Build.0 = Release|Any CPU
		{96A2F140-38B9-4DE0-A3F3-F6E7864CC560}.Debug|Any CPU.ActiveCfg = Debug|Any CPU
		{96A2F140-38B9-4DE0-A3F3-F6E7864CC560}.Debug|Any CPU.Build.0 = Debug|Any CPU
		{96A2F140-38B9-4DE0-A3F3-F6E7864CC560}.Release|Any CPU.ActiveCfg = Release|Any CPU
		{96A2F140-38B9-4DE0-A3F3-F6E7864CC560}.Release|Any CPU.Build.0 = Release|Any CPU
		{E4FD98D2-C6E5-4AF0-81B5-D0EC967E33E3}.Debug|Any CPU.ActiveCfg = Debug|Any CPU
		{E4FD98D2-C6E5-4AF0-81B5-D0EC967E33E3}.Debug|Any CPU.Build.0 = Debug|Any CPU
		{E4FD98D2-C6E5-4AF0-81B5-D0EC967E33E3}.Release|Any CPU.ActiveCfg = Release|Any CPU
		{E4FD98D2-C6E5-4AF0-81B5-D0EC967E33E3}.Release|Any CPU.Build.0 = Release|Any CPU
		{8D4642E9-5484-4C3C-820B-5DAC05E38952}.Debug|Any CPU.ActiveCfg = Debug|Any CPU
		{8D4642E9-5484-4C3C-820B-5DAC05E38952}.Debug|Any CPU.Build.0 = Debug|Any CPU
		{8D4642E9-5484-4C3C-820B-5DAC05E38952}.Release|Any CPU.ActiveCfg = Release|Any CPU
		{8D4642E9-5484-4C3C-820B-5DAC05E38952}.Release|Any CPU.Build.0 = Release|Any CPU
	EndGlobalSection
	GlobalSection(SolutionProperties) = preSolution
		HideSolutionNode = FALSE
	EndGlobalSection
	GlobalSection(NestedProjects) = preSolution
		{999012B6-9C4D-43B9-B048-81C8552D79FE} = {757606E1-D929-4C43-8C59-95CD08829C51}
		{224C75AA-4678-4718-8D39-DFFE50ED841E} = {42D73791-48CE-4CE3-A371-510E04A3624A}
		{E133DBDE-230F-4E2D-A776-DD4C48366DA1} = {224C75AA-4678-4718-8D39-DFFE50ED841E}
		{77E21658-A2AE-4F94-9065-DD1932C4A3E8} = {224C75AA-4678-4718-8D39-DFFE50ED841E}
		{7FE12D97-2961-47D0-BD9D-7D08D92F24EC} = {42D73791-48CE-4CE3-A371-510E04A3624A}
		{99F92F78-D9C7-4019-9767-2D87B318CE57} = {757606E1-D929-4C43-8C59-95CD08829C51}
		{A64D2C62-849B-4C6F-98E4-5DA4E614A2DE} = {42D73791-48CE-4CE3-A371-510E04A3624A}
		{96A2F140-38B9-4DE0-A3F3-F6E7864CC560} = {A64D2C62-849B-4C6F-98E4-5DA4E614A2DE}
		{1C300FF2-301D-4815-B091-B190B2C0C67C} = {42D73791-48CE-4CE3-A371-510E04A3624A}
		{E4FD98D2-C6E5-4AF0-81B5-D0EC967E33E3} = {1C300FF2-301D-4815-B091-B190B2C0C67C}
	EndGlobalSection
EndGlobal
